
Microsoft Visual Studio Solution File, Format Version 11.00
# Visual Studio 2010
Project("{8BC9CEB8-8B4A-11D0-8D11-00A0C91BC942}") = "simplest_ffmpeg_video_encoder", "simplest_ffmpeg_video_encoder\simplest_ffmpeg_video_encoder.vcxproj", "{73A64B3B-DF52-4BDF-9573-18D5AD27D589}"
EndProject
Project("{8BC9CEB8-8B4A-11D0-8D11-00A0C91BC942}") = "simplest_ffmpeg_video_encoder_pure", "simplest_ffmpeg_video_encoder_pure\simplest_ffmpeg_video_encoder_pure.vcxproj", "{E1818A87-2D93-461E-908C-97A9D91C9AB1}"
EndProject
Global
	GlobalSection(SolutionConfigurationPlatforms) = preSolution
		Debug|Win32 = Debug|Win32
		Release|Win32 = Release|Win32
	EndGlobalSection
	GlobalSection(ProjectConfigurationPlatforms) = postSolution
		{73A64B3B-DF52-4BDF-9573-18D5AD27D589}.Debug|Win32.ActiveCfg = Debug|Win32
		{73A64B3B-DF52-4BDF-9573-18D5AD27D589}.Debug|Win32.Build.0 = Debug|Win32
		{73A64B3B-DF52-4BDF-9573-18D5AD27D589}.Release|Win32.ActiveCfg = Release|Win32
		{73A64B3B-DF52-4BDF-9573-18D5AD27D589}.Release|Win32.Build.0 = Release|Win32
		{E1818A87-2D93-461E-908C-97A9D91C9AB1}.Debug|Win32.ActiveCfg = Debug|Win32
		{E1818A87-2D93-461E-908C-97A9D91C9AB1}.Debug|Win32.Build.0 = Debug|Win32
		{E1818A87-2D93-461E-908C-97A9D91C9AB1}.Release|Win32.ActiveCfg = Release|Win32
		{E1818A87-2D93-461E-908C-97A9D91C9AB1}.Release|Win32.Build.0 = Release|Win32
	EndGlobalSection
	GlobalSection(SolutionProperties) = preSolution
		HideSolutionNode = FALSE
	EndGlobalSection
EndGlobal
